
Microsoft Visual Studio Solution File, Format Version 12.00
# Visual Studio Version 17
VisualStudioVersion = 17.5.002.0
MinimumVisualStudioVersion = 10.0.40219.1
Project("{2150E333-8FDC-42A3-9474-1A3956D46DE8}") = "src", "src", "{D9E9235E-2060-4028-A3D0-D6C729CF4275}"
EndProject
Project("{2150E333-8FDC-42A3-9474-1A3956D46DE8}") = "Checkout", "Checkout", "{D407B17D-7B46-47B4-8A6E-7EA9B9EA85C0}"
EndProject
Project("{FAE04EC0-301F-11D3-BF4B-00C04F79EFBC}") = "Core", "src\Checkout\Core\Core.csproj", "{FE56DCAE-77E0-4755-B508-707AA056B6AD}"
EndProject
Project("{2150E333-8FDC-42A3-9474-1A3956D46DE8}") = "tests", "tests", "{EFB6A1AF-CAA7-41F4-A928-191E08A3CCAC}"
EndProject
Project("{2150E333-8FDC-42A3-9474-1A3956D46DE8}") = "Checkout", "Checkout", "{2A83D8D2-1AFB-4B0E-9A73-268FC9DD5E12}"
EndProject
Project("{FAE04EC0-301F-11D3-BF4B-00C04F79EFBC}") = "Infra", "src\Checkout\Infra\Infra.csproj", "{9E0E5440-445F-43A8-B513-43682F0E9E2E}"
EndProject
Project("{FAE04EC0-301F-11D3-BF4B-00C04F79EFBC}") = "Application", "src\Checkout\Application\Application.csproj", "{649DAA90-F61A-46C9-AA1C-31C0F1D824B3}"
EndProject
Project("{FAE04EC0-301F-11D3-BF4B-00C04F79EFBC}") = "Presentation", "src\Checkout\Presentation\Presentation.csproj", "{510A1680-81AD-4BCF-A716-8FB46BCD2B40}"
EndProject
Project("{2150E333-8FDC-42A3-9474-1A3956D46DE8}") = "Unit", "Unit", "{4CA9E5F3-95DF-4BC5-8E82-FFE093F58F94}"
EndProject
Project("{FAE04EC0-301F-11D3-BF4B-00C04F79EFBC}") = "Core.Test", "tests\Checkout\Unit\Core.Test\Core.Test.csproj", "{2896FF5F-BF97-4343-970A-51D7AD3AC74D}"
EndProject
Project("{FAE04EC0-301F-11D3-BF4B-00C04F79EFBC}") = "Infra.Test", "tests\Checkout\Unit\Infra.Test\Infra.Test.csproj", "{26CEAF5E-840F-4E32-BD20-71FB2935F131}"
EndProject
Project("{2150E333-8FDC-42A3-9474-1A3956D46DE8}") = "Integrations", "Integrations", "{234676BD-73C8-4B51-BDEB-F1A5FCCE241B}"
EndProject
Project("{FAE04EC0-301F-11D3-BF4B-00C04F79EFBC}") = "Frontend.Test", "tests\Checkout\Integrations\Frontend.Test\Frontend.Test.csproj", "{840ECCE8-6FFD-43FE-B065-A7125904C1F5}"
EndProject
Global
	GlobalSection(SolutionConfigurationPlatforms) = preSolution
		Debug|Any CPU = Debug|Any CPU
		Release|Any CPU = Release|Any CPU
	EndGlobalSection
	GlobalSection(ProjectConfigurationPlatforms) = postSolution
		{FE56DCAE-77E0-4755-B508-707AA056B6AD}.Debug|Any CPU.ActiveCfg = Debug|Any CPU
		{FE56DCAE-77E0-4755-B508-707AA056B6AD}.Debug|Any CPU.Build.0 = Debug|Any CPU
		{FE56DCAE-77E0-4755-B508-707AA056B6AD}.Release|Any CPU.ActiveCfg = Release|Any CPU
		{FE56DCAE-77E0-4755-B508-707AA056B6AD}.Release|Any CPU.Build.0 = Release|Any CPU
		{9E0E5440-445F-43A8-B513-43682F0E9E2E}.Debug|Any CPU.ActiveCfg = Debug|Any CPU
		{9E0E5440-445F-43A8-B513-43682F0E9E2E}.Debug|Any CPU.Build.0 = Debug|Any CPU
		{9E0E5440-445F-43A8-B513-43682F0E9E2E}.Release|Any CPU.ActiveCfg = Release|Any CPU
		{9E0E5440-445F-43A8-B513-43682F0E9E2E}.Release|Any CPU.Build.0 = Release|Any CPU
		{649DAA90-F61A-46C9-AA1C-31C0F1D824B3}.Debug|Any CPU.ActiveCfg = Debug|Any CPU
		{649DAA90-F61A-46C9-AA1C-31C0F1D824B3}.Debug|Any CPU.Build.0 = Debug|Any CPU
		{649DAA90-F61A-46C9-AA1C-31C0F1D824B3}.Release|Any CPU.ActiveCfg = Release|Any CPU
		{649DAA90-F61A-46C9-AA1C-31C0F1D824B3}.Release|Any CPU.Build.0 = Release|Any CPU
		{510A1680-81AD-4BCF-A716-8FB46BCD2B40}.Debug|Any CPU.ActiveCfg = Debug|Any CPU
		{510A1680-81AD-4BCF-A716-8FB46BCD2B40}.Debug|Any CPU.Build.0 = Debug|Any CPU
		{510A1680-81AD-4BCF-A716-8FB46BCD2B40}.Release|Any CPU.ActiveCfg = Release|Any CPU
		{510A1680-81AD-4BCF-A716-8FB46BCD2B40}.Release|Any CPU.Build.0 = Release|Any CPU
		{2896FF5F-BF97-4343-970A-51D7AD3AC74D}.Debug|Any CPU.ActiveCfg = Debug|Any CPU
		{2896FF5F-BF97-4343-970A-51D7AD3AC74D}.Debug|Any CPU.Build.0 = Debug|Any CPU
		{2896FF5F-BF97-4343-970A-51D7AD3AC74D}.Release|Any CPU.ActiveCfg = Release|Any CPU
		{2896FF5F-BF97-4343-970A-51D7AD3AC74D}.Release|Any CPU.Build.0 = Release|Any CPU
		{26CEAF5E-840F-4E32-BD20-71FB2935F131}.Debug|Any CPU.ActiveCfg = Debug|Any CPU
		{26CEAF5E-840F-4E32-BD20-71FB2935F131}.Debug|Any CPU.Build.0 = Debug|Any CPU
		{26CEAF5E-840F-4E32-BD20-71FB2935F131}.Release|Any CPU.ActiveCfg = Release|Any CPU
		{26CEAF5E-840F-4E32-BD20-71FB2935F131}.Release|Any CPU.Build.0 = Release|Any CPU
		{840ECCE8-6FFD-43FE-B065-A7125904C1F5}.Debug|Any CPU.ActiveCfg = Debug|Any CPU
		{840ECCE8-6FFD-43FE-B065-A7125904C1F5}.Debug|Any CPU.Build.0 = Debug|Any CPU
		{840ECCE8-6FFD-43FE-B065-A7125904C1F5}.Release|Any CPU.ActiveCfg = Release|Any CPU
		{840ECCE8-6FFD-43FE-B065-A7125904C1F5}.Release|Any CPU.Build.0 = Release|Any CPU
	EndGlobalSection
	GlobalSection(SolutionProperties) = preSolution
		HideSolutionNode = FALSE
	EndGlobalSection
	GlobalSection(NestedProjects) = preSolution
		{D407B17D-7B46-47B4-8A6E-7EA9B9EA85C0} = {D9E9235E-2060-4028-A3D0-D6C729CF4275}
		{FE56DCAE-77E0-4755-B508-707AA056B6AD} = {D407B17D-7B46-47B4-8A6E-7EA9B9EA85C0}
		{2A83D8D2-1AFB-4B0E-9A73-268FC9DD5E12} = {EFB6A1AF-CAA7-41F4-A928-191E08A3CCAC}
		{9E0E5440-445F-43A8-B513-43682F0E9E2E} = {D407B17D-7B46-47B4-8A6E-7EA9B9EA85C0}
		{649DAA90-F61A-46C9-AA1C-31C0F1D824B3} = {D407B17D-7B46-47B4-8A6E-7EA9B9EA85C0}
		{510A1680-81AD-4BCF-A716-8FB46BCD2B40} = {D407B17D-7B46-47B4-8A6E-7EA9B9EA85C0}
		{4CA9E5F3-95DF-4BC5-8E82-FFE093F58F94} = {2A83D8D2-1AFB-4B0E-9A73-268FC9DD5E12}
		{2896FF5F-BF97-4343-970A-51D7AD3AC74D} = {4CA9E5F3-95DF-4BC5-8E82-FFE093F58F94}
		{26CEAF5E-840F-4E32-BD20-71FB2935F131} = {4CA9E5F3-95DF-4BC5-8E82-FFE093F58F94}
		{234676BD-73C8-4B51-BDEB-F1A5FCCE241B} = {2A83D8D2-1AFB-4B0E-9A73-268FC9DD5E12}
		{840ECCE8-6FFD-43FE-B065-A7125904C1F5} = {234676BD-73C8-4B51-BDEB-F1A5FCCE241B}
	EndGlobalSection
	GlobalSection(ExtensibilityGlobals) = postSolution
		SolutionGuid = {DF344876-7454-4755-95D9-FF9D88D0C664}
	EndGlobalSection
EndGlobal
